
Microsoft Visual Studio Solution File, Format Version 12.00
# Visual Studio Version 16
VisualStudioVersion = 16.0.31624.102
MinimumVisualStudioVersion = 10.0.40219.1
Project("{FAE04EC0-301F-11D3-BF4B-00C04F79EFBC}") = "Lambda_Expresssion_Demo", "Lambda_Expresssion_Demo\Lambda_Expresssion_Demo.csproj", "{E2CEDA65-88EA-4A00-9566-1D07EED26486}"
EndProject
Global
	GlobalSection(SolutionConfigurationPlatforms) = preSolution
		Debug|Any CPU = Debug|Any CPU
		Release|Any CPU = Release|Any CPU
	EndGlobalSection
	GlobalSection(ProjectConfigurationPlatforms) = postSolution
		{E2CEDA65-88EA-4A00-9566-1D07EED26486}.Debug|Any CPU.ActiveCfg = Debug|Any CPU
		{E2CEDA65-88EA-4A00-9566-1D07EED26486}.Debug|Any CPU.Build.0 = Debug|Any CPU
		{E2CEDA65-88EA-4A00-9566-1D07EED26486}.Release|Any CPU.ActiveCfg = Release|Any CPU
		{E2CEDA65-88EA-4A00-9566-1D07EED26486}.Release|Any CPU.Build.0 = Release|Any CPU
	EndGlobalSection
	GlobalSection(SolutionProperties) = preSolution
		HideSolutionNode = FALSE
	EndGlobalSection
	GlobalSection(ExtensibilityGlobals) = postSolution
		SolutionGuid = {549F314C-A3DF-42AB-90F2-B5A14563B784}
	EndGlobalSection
EndGlobal
